
Microsoft Visual Studio Solution File, Format Version 12.00
# Visual Studio Version 17
VisualStudioVersion = 17.3.32929.385
MinimumVisualStudioVersion = 10.0.40219.1
Project("{FAE04EC0-301F-11D3-BF4B-00C04F79EFBC}") = "sifyWebsite", "sifyWebsite\sifyWebsite.csproj", "{8FFD3584-FDEB-4EDB-BA23-AA2F8909A5CB}"
EndProject
Global
	GlobalSection(SolutionConfigurationPlatforms) = preSolution
		Debug|Any CPU = Debug|Any CPU
		Release|Any CPU = Release|Any CPU
	EndGlobalSection
	GlobalSection(ProjectConfigurationPlatforms) = postSolution
		{8FFD3584-FDEB-4EDB-BA23-AA2F8909A5CB}.Debug|Any CPU.ActiveCfg = Debug|Any CPU
		{8FFD3584-FDEB-4EDB-BA23-AA2F8909A5CB}.Debug|Any CPU.Build.0 = Debug|Any CPU
		{8FFD3584-FDEB-4EDB-BA23-AA2F8909A5CB}.Release|Any CPU.ActiveCfg = Release|Any CPU
		{8FFD3584-FDEB-4EDB-BA23-AA2F8909A5CB}.Release|Any CPU.Build.0 = Release|Any CPU
	EndGlobalSection
	GlobalSection(SolutionProperties) = preSolution
		HideSolutionNode = FALSE
	EndGlobalSection
	GlobalSection(ExtensibilityGlobals) = postSolution
		SolutionGuid = {005EC5FA-28BB-4615-A950-9FDCA970C5E7}
	EndGlobalSection
EndGlobal
